
Microsoft Visual Studio Solution File, Format Version 12.00
# Visual Studio Version 17
VisualStudioVersion = 17.5.002.0
MinimumVisualStudioVersion = 10.0.40219.1
Project("{9A19103F-16F7-4668-BE54-9A1E7A4F7556}") = "TodoApi", "TodoApi.csproj", "{DE906695-3DB4-412D-87C3-D63D70DA4F67}"
EndProject
Global
	GlobalSection(SolutionConfigurationPlatforms) = preSolution
		Debug|Any CPU = Debug|Any CPU
		Release|Any CPU = Release|Any CPU
	EndGlobalSection
	GlobalSection(ProjectConfigurationPlatforms) = postSolution
		{DE906695-3DB4-412D-87C3-D63D70DA4F67}.Debug|Any CPU.ActiveCfg = Debug|Any CPU
		{DE906695-3DB4-412D-87C3-D63D70DA4F67}.Debug|Any CPU.Build.0 = Debug|Any CPU
		{DE906695-3DB4-412D-87C3-D63D70DA4F67}.Release|Any CPU.ActiveCfg = Release|Any CPU
		{DE906695-3DB4-412D-87C3-D63D70DA4F67}.Release|Any CPU.Build.0 = Release|Any CPU
	EndGlobalSection
	GlobalSection(SolutionProperties) = preSolution
		HideSolutionNode = FALSE
	EndGlobalSection
	GlobalSection(ExtensibilityGlobals) = postSolution
		SolutionGuid = {4981FF55-FE44-49E3-8848-64D5F82119EF}
	EndGlobalSection
EndGlobal
